
Microsoft Visual Studio Solution File, Format Version 12.00
# Visual Studio 15
VisualStudioVersion = 15.0.26730.12
MinimumVisualStudioVersion = 10.0.40219.1
Project("{00D1A9C2-B5F0-4AF3-8072-F6C62B433612}") = "SouthernScent", "SouthernScent\SouthernScent.sqlproj", "{EAC18096-281C-49CB-B547-8429B04B9645}"
EndProject
Global
	GlobalSection(SolutionConfigurationPlatforms) = preSolution
		Debug|Any CPU = Debug|Any CPU
		Release|Any CPU = Release|Any CPU
	EndGlobalSection
	GlobalSection(ProjectConfigurationPlatforms) = postSolution
		{EAC18096-281C-49CB-B547-8429B04B9645}.Debug|Any CPU.ActiveCfg = Debug|Any CPU
		{EAC18096-281C-49CB-B547-8429B04B9645}.Debug|Any CPU.Build.0 = Debug|Any CPU
		{EAC18096-281C-49CB-B547-8429B04B9645}.Debug|Any CPU.Deploy.0 = Debug|Any CPU
		{EAC18096-281C-49CB-B547-8429B04B9645}.Release|Any CPU.ActiveCfg = Release|Any CPU
		{EAC18096-281C-49CB-B547-8429B04B9645}.Release|Any CPU.Build.0 = Release|Any CPU
		{EAC18096-281C-49CB-B547-8429B04B9645}.Release|Any CPU.Deploy.0 = Release|Any CPU
	EndGlobalSection
	GlobalSection(SolutionProperties) = preSolution
		HideSolutionNode = FALSE
	EndGlobalSection
	GlobalSection(ExtensibilityGlobals) = postSolution
		SolutionGuid = {67293896-5FEB-46D1-BF44-A21E58ECB3E8}
	EndGlobalSection
EndGlobal
